{
  "name": "logged4node",
  "version": "1.0.0",
  "lockfileVersion": 2,
  "requires": true,
  "packages": {
    "": {
      "name": "logged4node",
      "version": "1.0.0",
      "license": "ISC",
      "dependencies": {
        "logged4node": "^1.0.0"
      }
    },
    "node_modules/logged4node": {
      "version": "1.0.0",
      "resolved": "https://registry.npmjs.org/logged4node/-/logged4node-1.0.0.tgz",
      "integrity": "sha512-H2c2dmOeMxOF70fofg6fHsajUzsDp3QHZ74iFqPUiWBVKX75+rIu9AnzgBvAo9pVAGehwiZtaZ7GImYftc4hZw=="
    }
  },
  "dependencies": {
    "logged4node": {
      "version": "1.0.0",
      "resolved": "https://registry.npmjs.org/logged4node/-/logged4node-1.0.0.tgz",
      "integrity": "sha512-H2c2dmOeMxOF70fofg6fHsajUzsDp3QHZ74iFqPUiWBVKX75+rIu9AnzgBvAo9pVAGehwiZtaZ7GImYftc4hZw=="
    }
  }
}
